
Microsoft Visual Studio Solution File, Format Version 12.00
# Visual Studio Version 17
VisualStudioVersion = 17.12.35323.107
MinimumVisualStudioVersion = 10.0.40219.1
Project("{FAE04EC0-301F-11D3-BF4B-00C04F79EFBC}") = "hopfenhirne", "hopfenhirne.csproj", "{E8C54569-0688-4B7F-9AA3-5DF23B7A92EE}"
EndProject
Global
	GlobalSection(SolutionConfigurationPlatforms) = preSolution
		Debug|Any CPU = Debug|Any CPU
		Release|Any CPU = Release|Any CPU
	EndGlobalSection
	GlobalSection(ProjectConfigurationPlatforms) = postSolution
		{E8C54569-0688-4B7F-9AA3-5DF23B7A92EE}.Debug|Any CPU.ActiveCfg = Debug|Any CPU
		{E8C54569-0688-4B7F-9AA3-5DF23B7A92EE}.Debug|Any CPU.Build.0 = Debug|Any CPU
		{E8C54569-0688-4B7F-9AA3-5DF23B7A92EE}.Release|Any CPU.ActiveCfg = Release|Any CPU
		{E8C54569-0688-4B7F-9AA3-5DF23B7A92EE}.Release|Any CPU.Build.0 = Release|Any CPU
	EndGlobalSection
	GlobalSection(SolutionProperties) = preSolution
		HideSolutionNode = FALSE
	EndGlobalSection
	GlobalSection(ExtensibilityGlobals) = postSolution
		SolutionGuid = {C4DE40E2-E8BC-4584-A55B-082015F3E939}
	EndGlobalSection
EndGlobal
